// !$*UTF8*$!
{
	archiveVersion = 1;
	classes = {
	};
	objectVersion = 46;
	objects = {

/* Begin PBXBuildFile section */
		4A2333201C25191C00FF2311 /* MainViewController.swift in Sources */ = {isa = PBXBuildFile; fileRef = 4A23331F1C25191C00FF2311 /* MainViewController.swift */; };
		4A2333251C25234000FF2311 /* UserManager.swift in Sources */ = {isa = PBXBuildFile; fileRef = 4A2333241C25234000FF2311 /* UserManager.swift */; };
		4A2333271C252B0B00FF2311 /* Security.framework in Frameworks */ = {isa = PBXBuildFile; fileRef = 4A2333261C252B0B00FF2311 /* Security.framework */; };
		4A2333291C252DB500FF2311 /* KeychainWrapper.swift in Sources */ = {isa = PBXBuildFile; fileRef = 4A2333281C252DB500FF2311 /* KeychainWrapper.swift */; };
		4A23332B1C25354F00FF2311 /* LoginViewController.swift in Sources */ = {isa = PBXBuildFile; fileRef = 4A23332A1C25354F00FF2311 /* LoginViewController.swift */; };
		4A23332D1C25386100FF2311 /* UserIdTableViewCell.swift in Sources */ = {isa = PBXBuildFile; fileRef = 4A23332C1C25386100FF2311 /* UserIdTableViewCell.swift */; };
		4A23332F1C253FE800FF2311 /* SmsTableViewCell.swift in Sources */ = {isa = PBXBuildFile; fileRef = 4A23332E1C253FE800FF2311 /* SmsTableViewCell.swift */; };
		4A2333311C25414900FF2311 /* LoginTableViewCell.swift in Sources */ = {isa = PBXBuildFile; fileRef = 4A2333301C25414900FF2311 /* LoginTableViewCell.swift */; };
		4A2333331C25476900FF2311 /* QuartzCore.framework in Frameworks */ = {isa = PBXBuildFile; fileRef = 4A2333321C25476900FF2311 /* QuartzCore.framework */; };
		4A4505F31C2D7C2100531365 /* MapKit.framework in Frameworks */ = {isa = PBXBuildFile; fileRef = 4A4505F21C2D7C2100531365 /* MapKit.framework */; };
		4AA7CB811C0DF5DC00B35E25 /* AppDelegate.swift in Sources */ = {isa = PBXBuildFile; fileRef = 4AA7CB801C0DF5DC00B35E25 /* AppDelegate.swift */; };
		4AA7CB861C0DF5DC00B35E25 /* Main.storyboard in Resources */ = {isa = PBXBuildFile; fileRef = 4AA7CB841C0DF5DC00B35E25 /* Main.storyboard */; };
		4AA7CB881C0DF5DC00B35E25 /* Assets.xcassets in Resources */ = {isa = PBXBuildFile; fileRef = 4AA7CB871C0DF5DC00B35E25 /* Assets.xcassets */; };
		4AA7CB8B1C0DF5DC00B35E25 /* LaunchScreen.storyboard in Resources */ = {isa = PBXBuildFile; fileRef = 4AA7CB891C0DF5DC00B35E25 /* LaunchScreen.storyboard */; };
		4AB65E831C26C9B700561CB9 /* NetworkManager.swift in Sources */ = {isa = PBXBuildFile; fileRef = 4AB65E821C26C9B700561CB9 /* NetworkManager.swift */; };
		4AF0F1D91C2A63D60076BC56 /* Certificates.cer in Resources */ = {isa = PBXBuildFile; fileRef = 4AF0F1D81C2A63D60076BC56 /* Certificates.cer */; };
		4AF0F1DB1C2D24FF0076BC56 /* RegistTableViewCell.swift in Sources */ = {isa = PBXBuildFile; fileRef = 4AF0F1DA1C2D24FF0076BC56 /* RegistTableViewCell.swift */; };
		4AF0F1DD1C2D2A320076BC56 /* RegistViewController.swift in Sources */ = {isa = PBXBuildFile; fileRef = 4AF0F1DC1C2D2A320076BC56 /* RegistViewController.swift */; };
		4AF0F1DF1C2D47D90076BC56 /* HelpMethods.swift in Sources */ = {isa = PBXBuildFile; fileRef = 4AF0F1DE1C2D47D90076BC56 /* HelpMethods.swift */; };
		7D5751385B46853B24F65EE8 /* Pods_CreateBand.framework in Frameworks */ = {isa = PBXBuildFile; fileRef = E49D6EF2AA0530B151C18A0C /* Pods_CreateBand.framework */; };
/* End PBXBuildFile section */

/* Begin PBXFileReference section */
		4A23331F1C25191C00FF2311 /* MainViewController.swift */ = {isa = PBXFileReference; fileEncoding = 4; lastKnownFileType = sourcecode.swift; path = MainViewController.swift; sourceTree = "<group>"; };
		4A2333241C25234000FF2311 /* UserManager.swift */ = {isa = PBXFileReference; fileEncoding = 4; lastKnownFileType = sourcecode.swift; path = UserManager.swift; sourceTree = "<group>"; };
		4A2333261C252B0B00FF2311 /* Security.framework */ = {isa = PBXFileReference; lastKnownFileType = wrapper.framework; name = Security.framework; path = System/Library/Frameworks/Security.framework; sourceTree = SDKROOT; };
		4A2333281C252DB500FF2311 /* KeychainWrapper.swift */ = {isa = PBXFileReference; fileEncoding = 4; lastKnownFileType = sourcecode.swift; path = KeychainWrapper.swift; sourceTree = "<group>"; };
		4A23332A1C25354F00FF2311 /* LoginViewController.swift */ = {isa = PBXFileReference; fileEncoding = 4; lastKnownFileType = sourcecode.swift; path = LoginViewController.swift; sourceTree = "<group>"; };
		4A23332C1C25386100FF2311 /* UserIdTableViewCell.swift */ = {isa = PBXFileReference; fileEncoding = 4; lastKnownFileType = sourcecode.swift; path = UserIdTableViewCell.swift; sourceTree = "<group>"; };
		4A23332E1C253FE800FF2311 /* SmsTableViewCell.swift */ = {isa = PBXFileReference; fileEncoding = 4; lastKnownFileType = sourcecode.swift; path = SmsTableViewCell.swift; sourceTree = "<group>"; };
		4A2333301C25414900FF2311 /* LoginTableViewCell.swift */ = {isa = PBXFileReference; fileEncoding = 4; lastKnownFileType = sourcecode.swift; path = LoginTableViewCell.swift; sourceTree = "<group>"; };
		4A2333321C25476900FF2311 /* QuartzCore.framework */ = {isa = PBXFileReference; lastKnownFileType = wrapper.framework; name = QuartzCore.framework; path = System/Library/Frameworks/QuartzCore.framework; sourceTree = SDKROOT; };
		4A4505F21C2D7C2100531365 /* MapKit.framework */ = {isa = PBXFileReference; lastKnownFileType = wrapper.framework; name = MapKit.framework; path = System/Library/Frameworks/MapKit.framework; sourceTree = SDKROOT; };
		4AA7CB7D1C0DF5DC00B35E25 /* CreateBand.app */ = {isa = PBXFileReference; explicitFileType = wrapper.application; includeInIndex = 0; path = CreateBand.app; sourceTree = BUILT_PRODUCTS_DIR; };
		4AA7CB801C0DF5DC00B35E25 /* AppDelegate.swift */ = {isa = PBXFileReference; lastKnownFileType = sourcecode.swift; path = AppDelegate.swift; sourceTree = "<group>"; };
		4AA7CB851C0DF5DC00B35E25 /* Base */ = {isa = PBXFileReference; lastKnownFileType = file.storyboard; name = Base; path = Base.lproj/Main.storyboard; sourceTree = "<group>"; };
		4AA7CB871C0DF5DC00B35E25 /* Assets.xcassets */ = {isa = PBXFileReference; lastKnownFileType = folder.assetcatalog; path = Assets.xcassets; sourceTree = "<group>"; };
		4AA7CB8A1C0DF5DC00B35E25 /* Base */ = {isa = PBXFileReference; lastKnownFileType = file.storyboard; name = Base; path = Base.lproj/LaunchScreen.storyboard; sourceTree = "<group>"; };
		4AA7CB8C1C0DF5DC00B35E25 /* Info.plist */ = {isa = PBXFileReference; lastKnownFileType = text.plist.xml; path = Info.plist; sourceTree = "<group>"; };
		4AB65E821C26C9B700561CB9 /* NetworkManager.swift */ = {isa = PBXFileReference; fileEncoding = 4; lastKnownFileType = sourcecode.swift; path = NetworkManager.swift; sourceTree = "<group>"; };
		4AF0F1D81C2A63D60076BC56 /* Certificates.cer */ = {isa = PBXFileReference; lastKnownFileType = file; path = Certificates.cer; sourceTree = "<group>"; };
		4AF0F1DA1C2D24FF0076BC56 /* RegistTableViewCell.swift */ = {isa = PBXFileReference; fileEncoding = 4; lastKnownFileType = sourcecode.swift; path = RegistTableViewCell.swift; sourceTree = "<group>"; };
		4AF0F1DC1C2D2A320076BC56 /* RegistViewController.swift */ = {isa = PBXFileReference; fileEncoding = 4; lastKnownFileType = sourcecode.swift; path = RegistViewController.swift; sourceTree = "<group>"; };
		4AF0F1DE1C2D47D90076BC56 /* HelpMethods.swift */ = {isa = PBXFileReference; fileEncoding = 4; lastKnownFileType = sourcecode.swift; path = HelpMethods.swift; sourceTree = "<group>"; };
		776A542CAE1E1BCA62C5D812 /* Pods-CreateBand.release.xcconfig */ = {isa = PBXFileReference; includeInIndex = 1; lastKnownFileType = text.xcconfig; name = "Pods-CreateBand.release.xcconfig"; path = "Pods/Target Support Files/Pods-CreateBand/Pods-CreateBand.release.xcconfig"; sourceTree = "<group>"; };
		E49D6EF2AA0530B151C18A0C /* Pods_CreateBand.framework */ = {isa = PBXFileReference; explicitFileType = wrapper.framework; includeInIndex = 0; path = Pods_CreateBand.framework; sourceTree = BUILT_PRODUCTS_DIR; };
		FF32C512069BC3B6C66C30A3 /* Pods-CreateBand.debug.xcconfig */ = {isa = PBXFileReference; includeInIndex = 1; lastKnownFileType = text.xcconfig; name = "Pods-CreateBand.debug.xcconfig"; path = "Pods/Target Support Files/Pods-CreateBand/Pods-CreateBand.debug.xcconfig"; sourceTree = "<group>"; };
/* End PBXFileReference section */

/* Begin PBXFrameworksBuildPhase section */
		4AA7CB7A1C0DF5DC00B35E25 /* Frameworks */ = {
			isa = PBXFrameworksBuildPhase;
			buildActionMask = 2147483647;
			files = (
				4A4505F31C2D7C2100531365 /* MapKit.framework in Frameworks */,
				4A2333331C25476900FF2311 /* QuartzCore.framework in Frameworks */,
				4A2333271C252B0B00FF2311 /* Security.framework in Frameworks */,
				7D5751385B46853B24F65EE8 /* Pods_CreateBand.framework in Frameworks */,
			);
			runOnlyForDeploymentPostprocessing = 0;
		};
/* End PBXFrameworksBuildPhase section */

/* Begin PBXGroup section */
		4A2333211C251F0400FF2311 /* Controllers */ = {
			isa = PBXGroup;
			children = (
				4AF0F1DC1C2D2A320076BC56 /* RegistViewController.swift */,
				4A23332A1C25354F00FF2311 /* LoginViewController.swift */,
				4A23331F1C25191C00FF2311 /* MainViewController.swift */,
			);
			name = Controllers;
			sourceTree = "<group>";
		};
		4A2333221C251F1D00FF2311 /* Views */ = {
			isa = PBXGroup;
			children = (
				4AA7CB841C0DF5DC00B35E25 /* Main.storyboard */,
				4AF0F1DA1C2D24FF0076BC56 /* RegistTableViewCell.swift */,
				4A2333301C25414900FF2311 /* LoginTableViewCell.swift */,
				4A23332E1C253FE800FF2311 /* SmsTableViewCell.swift */,
				4A23332C1C25386100FF2311 /* UserIdTableViewCell.swift */,
			);
			name = Views;
			sourceTree = "<group>";
		};
		4A2333231C251F4100FF2311 /* Models */ = {
			isa = PBXGroup;
			children = (
				4A2333241C25234000FF2311 /* UserManager.swift */,
				4A2333281C252DB500FF2311 /* KeychainWrapper.swift */,
				4AB65E821C26C9B700561CB9 /* NetworkManager.swift */,
			);
			name = Models;
			sourceTree = "<group>";
		};
		4AA7CB741C0DF5DC00B35E25 = {
			isa = PBXGroup;
			children = (
				4AA7CB7F1C0DF5DC00B35E25 /* CreateBand */,
				4AA7CB7E1C0DF5DC00B35E25 /* Products */,
				C3D0973C672078CBC49D4F42 /* Pods */,
				DFD6AB55829DF7276ADF7417 /* Frameworks */,
			);
			sourceTree = "<group>";
		};
		4AA7CB7E1C0DF5DC00B35E25 /* Products */ = {
			isa = PBXGroup;
			children = (
				4AA7CB7D1C0DF5DC00B35E25 /* CreateBand.app */,
			);
			name = Products;
			sourceTree = "<group>";
		};
		4AA7CB7F1C0DF5DC00B35E25 /* CreateBand */ = {
			isa = PBXGroup;
			children = (
				4AA7CB801C0DF5DC00B35E25 /* AppDelegate.swift */,
				4A2333231C251F4100FF2311 /* Models */,
				4A2333221C251F1D00FF2311 /* Views */,
				4A2333211C251F0400FF2311 /* Controllers */,
				4AA7CB871C0DF5DC00B35E25 /* Assets.xcassets */,
				4AF0B01F1C264ACB00CE042A /* Support Files */,
			);
			path = CreateBand;
			sourceTree = "<group>";
		};
		4AF0B01F1C264ACB00CE042A /* Support Files */ = {
			isa = PBXGroup;
			children = (
				4AF0F1DE1C2D47D90076BC56 /* HelpMethods.swift */,
				4AF0F1D81C2A63D60076BC56 /* Certificates.cer */,
				4AA7CB891C0DF5DC00B35E25 /* LaunchScreen.storyboard */,
				4AA7CB8C1C0DF5DC00B35E25 /* Info.plist */,
				4A2333321C25476900FF2311 /* QuartzCore.framework */,
				4A2333261C252B0B00FF2311 /* Security.framework */,
			);
			name = "Support Files";
			sourceTree = "<group>";
		};
		C3D0973C672078CBC49D4F42 /* Pods */ = {
			isa = PBXGroup;
			children = (
				FF32C512069BC3B6C66C30A3 /* Pods-CreateBand.debug.xcconfig */,
				776A542CAE1E1BCA62C5D812 /* Pods-CreateBand.release.xcconfig */,
			);
			name = Pods;
			sourceTree = "<group>";
		};
		DFD6AB55829DF7276ADF7417 /* Frameworks */ = {
			isa = PBXGroup;
			children = (
				4A4505F21C2D7C2100531365 /* MapKit.framework */,
				E49D6EF2AA0530B151C18A0C /* Pods_CreateBand.framework */,
			);
			name = Frameworks;
			sourceTree = "<group>";
		};
/* End PBXGroup section */

/* Begin PBXNativeTarget section */
		4AA7CB7C1C0DF5DC00B35E25 /* CreateBand */ = {
			isa = PBXNativeTarget;
			buildConfigurationList = 4AA7CB8F1C0DF5DC00B35E25 /* Build configuration list for PBXNativeTarget "CreateBand" */;
			buildPhases = (
				9BD5417398F656DEFF15C3BA /* Check Pods Manifest.lock */,
				4AA7CB791C0DF5DC00B35E25 /* Sources */,
				4AA7CB7A1C0DF5DC00B35E25 /* Frameworks */,
				4AA7CB7B1C0DF5DC00B35E25 /* Resources */,
				98129A63E1B8B025516F8C52 /* Embed Pods Frameworks */,
				79A0757F299C5C2E3C04A73C /* Copy Pods Resources */,
			);
			buildRules = (
			);
			dependencies = (
			);
			name = CreateBand;
			productName = CreateBand;
			productReference = 4AA7CB7D1C0DF5DC00B35E25 /* CreateBand.app */;
			productType = "com.apple.product-type.application";
		};
/* End PBXNativeTarget section */

/* Begin PBXProject section */
		4AA7CB751C0DF5DC00B35E25 /* Project object */ = {
			isa = PBXProject;
			attributes = {
				LastSwiftUpdateCheck = 0710;
				LastUpgradeCheck = 0710;
				ORGANIZATIONNAME = nevercry;
				TargetAttributes = {
					4AA7CB7C1C0DF5DC00B35E25 = {
						CreatedOnToolsVersion = 7.1.1;
					};
				};
			};
			buildConfigurationList = 4AA7CB781C0DF5DC00B35E25 /* Build configuration list for PBXProject "CreateBand" */;
			compatibilityVersion = "Xcode 3.2";
			developmentRegion = English;
			hasScannedForEncodings = 0;
			knownRegions = (
				en,
				Base,
			);
			mainGroup = 4AA7CB741C0DF5DC00B35E25;
			productRefGroup = 4AA7CB7E1C0DF5DC00B35E25 /* Products */;
			projectDirPath = "";
			projectRoot = "";
			targets = (
				4AA7CB7C1C0DF5DC00B35E25 /* CreateBand */,
			);
		};
/* End PBXProject section */

/* Begin PBXResourcesBuildPhase section */
		4AA7CB7B1C0DF5DC00B35E25 /* Resources */ = {
			isa = PBXResourcesBuildPhase;
			buildActionMask = 2147483647;
			files = (
				4AA7CB8B1C0DF5DC00B35E25 /* LaunchScreen.storyboard in Resources */,
				4AA7CB881C0DF5DC00B35E25 /* Assets.xcassets in Resources */,
				4AF0F1D91C2A63D60076BC56 /* Certificates.cer in Resources */,
				4AA7CB861C0DF5DC00B35E25 /* Main.storyboard in Resources */,
			);
			runOnlyForDeploymentPostprocessing = 0;
		};
/* End PBXResourcesBuildPhase section */

/* Begin PBXShellScriptBuildPhase section */
		79A0757F299C5C2E3C04A73C /* Copy Pods Resources */ = {
			isa = PBXShellScriptBuildPhase;
			buildActionMask = 2147483647;
			files = (
			);
			inputPaths = (
			);
			name = "Copy Pods Resources";
			outputPaths = (
			);
			runOnlyForDeploymentPostprocessing = 0;
			shellPath = /bin/sh;
			shellScript = "\"${SRCROOT}/Pods/Target Support Files/Pods-CreateBand/Pods-CreateBand-resources.sh\"\n";
			showEnvVarsInLog = 0;
		};
		98129A63E1B8B025516F8C52 /* Embed Pods Frameworks */ = {
			isa = PBXShellScriptBuildPhase;
			buildActionMask = 2147483647;
			files = (
			);
			inputPaths = (
			);
			name = "Embed Pods Frameworks";
			outputPaths = (
			);
			runOnlyForDeploymentPostprocessing = 0;
			shellPath = /bin/sh;
			shellScript = "\"${SRCROOT}/Pods/Target Support Files/Pods-CreateBand/Pods-CreateBand-frameworks.sh\"\n";
			showEnvVarsInLog = 0;
		};
		9BD5417398F656DEFF15C3BA /* Check Pods Manifest.lock */ = {
			isa = PBXShellScriptBuildPhase;
			buildActionMask = 2147483647;
			files = (
			);
			inputPaths = (
			);
			name = "Check Pods Manifest.lock";
			outputPaths = (
			);
			runOnlyForDeploymentPostprocessing = 0;
			shellPath = /bin/sh;
			shellScript = "diff \"${PODS_ROOT}/../Podfile.lock\" \"${PODS_ROOT}/Manifest.lock\" > /dev/null\nif [[ $? != 0 ]] ; then\n    cat << EOM\nerror: The sandbox is not in sync with the Podfile.lock. Run 'pod install' or update your CocoaPods installation.\nEOM\n    exit 1\nfi\n";
			showEnvVarsInLog = 0;
		};
/* End PBXShellScriptBuildPhase section */

/* Begin PBXSourcesBuildPhase section */
		4AA7CB791C0DF5DC00B35E25 /* Sources */ = {
			isa = PBXSourcesBuildPhase;
			buildActionMask = 2147483647;
			files = (
				4AB65E831C26C9B700561CB9 /* NetworkManager.swift in Sources */,
				4AF0F1DF1C2D47D90076BC56 /* HelpMethods.swift in Sources */,
				4A2333251C25234000FF2311 /* UserManager.swift in Sources */,
				4A2333291C252DB500FF2311 /* KeychainWrapper.swift in Sources */,
				4A2333201C25191C00FF2311 /* MainViewController.swift in Sources */,
				4A23332F1C253FE800FF2311 /* SmsTableViewCell.swift in Sources */,
				4A23332B1C25354F00FF2311 /* LoginViewController.swift in Sources */,
				4AA7CB811C0DF5DC00B35E25 /* AppDelegate.swift in Sources */,
				4A23332D1C25386100FF2311 /* UserIdTableViewCell.swift in Sources */,
				4AF0F1DD1C2D2A320076BC56 /* RegistViewController.swift in Sources */,
				4A2333311C25414900FF2311 /* LoginTableViewCell.swift in Sources */,
				4AF0F1DB1C2D24FF0076BC56 /* RegistTableViewCell.swift in Sources */,
			);
			runOnlyForDeploymentPostprocessing = 0;
		};
/* End PBXSourcesBuildPhase section */

/* Begin PBXVariantGroup section */
		4AA7CB841C0DF5DC00B35E25 /* Main.storyboard */ = {
			isa = PBXVariantGroup;
			children = (
				4AA7CB851C0DF5DC00B35E25 /* Base */,
			);
			name = Main.storyboard;
			sourceTree = "<group>";
		};
		4AA7CB891C0DF5DC00B35E25 /* LaunchScreen.storyboard */ = {
			isa = PBXVariantGroup;
			children = (
				4AA7CB8A1C0DF5DC00B35E25 /* Base */,
			);
			name = LaunchScreen.storyboard;
			sourceTree = "<group>";
		};
/* End PBXVariantGroup section */

/* Begin XCBuildConfiguration section */
		4AA7CB8D1C0DF5DC00B35E25 /* Debug */ = {
			isa = XCBuildConfiguration;
			buildSettings = {
				ALWAYS_SEARCH_USER_PATHS = NO;
				CLANG_CXX_LANGUAGE_STANDARD = "gnu++0x";
				CLANG_CXX_LIBRARY = "libc++";
				CLANG_ENABLE_MODULES = YES;
				CLANG_ENABLE_OBJC_ARC = YES;
				CLANG_WARN_BOOL_CONVERSION = YES;
				CLANG_WARN_CONSTANT_CONVERSION = YES;
				CLANG_WARN_DIRECT_OBJC_ISA_USAGE = YES_ERROR;
				CLANG_WARN_EMPTY_BODY = YES;
				CLANG_WARN_ENUM_CONVERSION = YES;
				CLANG_WARN_INT_CONVERSION = YES;
				CLANG_WARN_OBJC_ROOT_CLASS = YES_ERROR;
				CLANG_WARN_UNREACHABLE_CODE = YES;
				CLANG_WARN__DUPLICATE_METHOD_MATCH = YES;
				"CODE_SIGN_IDENTITY[sdk=iphoneos*]" = "iPhone Developer";
				COPY_PHASE_STRIP = NO;
				DEBUG_INFORMATION_FORMAT = dwarf;
				ENABLE_STRICT_OBJC_MSGSEND = YES;
				ENABLE_TESTABILITY = YES;
				GCC_C_LANGUAGE_STANDARD = gnu99;
				GCC_DYNAMIC_NO_PIC = NO;
				GCC_NO_COMMON_BLOCKS = YES;
				GCC_OPTIMIZATION_LEVEL = 0;
				GCC_PREPROCESSOR_DEFINITIONS = (
					"DEBUG=1",
					"$(inherited)",
				);
				GCC_WARN_64_TO_32_BIT_CONVERSION = YES;
				GCC_WARN_ABOUT_RETURN_TYPE = YES_ERROR;
				GCC_WARN_UNDECLARED_SELECTOR = YES;
				GCC_WARN_UNINITIALIZED_AUTOS = YES_AGGRESSIVE;
				GCC_WARN_UNUSED_FUNCTION = YES;
				GCC_WARN_UNUSED_VARIABLE = YES;
				IPHONEOS_DEPLOYMENT_TARGET = 9.1;
				MTL_ENABLE_DEBUG_INFO = YES;
				ONLY_ACTIVE_ARCH = YES;
				SDKROOT = iphoneos;
				SWIFT_OPTIMIZATION_LEVEL = "-Onone";
				TARGETED_DEVICE_FAMILY = "1,2";
			};
			name = Debug;
		};
		4AA7CB8E1C0DF5DC00B35E25 /* Release */ = {
			isa = XCBuildConfiguration;
			buildSettings = {
				ALWAYS_SEARCH_USER_PATHS = NO;
				CLANG_CXX_LANGUAGE_STANDARD = "gnu++0x";
				CLANG_CXX_LIBRARY = "libc++";
				CLANG_ENABLE_MODULES = YES;
				CLANG_ENABLE_OBJC_ARC = YES;
				CLANG_WARN_BOOL_CONVERSION = YES;
				CLANG_WARN_CONSTANT_CONVERSION = YES;
				CLANG_WARN_DIRECT_OBJC_ISA_USAGE = YES_ERROR;
				CLANG_WARN_EMPTY_BODY = YES;
				CLANG_WARN_ENUM_CONVERSION = YES;
				CLANG_WARN_INT_CONVERSION = YES;
				CLANG_WARN_OBJC_ROOT_CLASS = YES_ERROR;
				CLANG_WARN_UNREACHABLE_CODE = YES;
				CLANG_WARN__DUPLICATE_METHOD_MATCH = YES;
				"CODE_SIGN_IDENTITY[sdk=iphoneos*]" = "iPhone Developer";
				COPY_PHASE_STRIP = NO;
				DEBUG_INFORMATION_FORMAT = "dwarf-with-dsym";
				ENABLE_NS_ASSERTIONS = NO;
				ENABLE_STRICT_OBJC_MSGSEND = YES;
				GCC_C_LANGUAGE_STANDARD = gnu99;
				GCC_NO_COMMON_BLOCKS = YES;
				GCC_WARN_64_TO_32_BIT_CONVERSION = YES;
				GCC_WARN_ABOUT_RETURN_TYPE = YES_ERROR;
				GCC_WARN_UNDECLARED_SELECTOR = YES;
				GCC_WARN_UNINITIALIZED_AUTOS = YES_AGGRESSIVE;
				GCC_WARN_UNUSED_FUNCTION = YES;
				GCC_WARN_UNUSED_VARIABLE = YES;
				IPHONEOS_DEPLOYMENT_TARGET = 9.1;
				MTL_ENABLE_DEBUG_INFO = NO;
				SDKROOT = iphoneos;
				TARGETED_DEVICE_FAMILY = "1,2";
				VALIDATE_PRODUCT = YES;
			};
			name = Release;
		};
		4AA7CB901C0DF5DC00B35E25 /* Debug */ = {
			isa = XCBuildConfiguration;
			baseConfigurationReference = FF32C512069BC3B6C66C30A3 /* Pods-CreateBand.debug.xcconfig */;
			buildSettings = {
				ASSETCATALOG_COMPILER_APPICON_NAME = AppIcon;
				INFOPLIST_FILE = CreateBand/Info.plist;
				LD_RUNPATH_SEARCH_PATHS = "$(inherited) @executable_path/Frameworks";
				PRODUCT_BUNDLE_IDENTIFIER = com.nevercry.CreateBand;
				PRODUCT_NAME = "$(TARGET_NAME)";
			};
			name = Debug;
		};
		4AA7CB911C0DF5DC00B35E25 /* Release */ = {
			isa = XCBuildConfiguration;
			baseConfigurationReference = 776A542CAE1E1BCA62C5D812 /* Pods-CreateBand.release.xcconfig */;
			buildSettings = {
				ASSETCATALOG_COMPILER_APPICON_NAME = AppIcon;
				INFOPLIST_FILE = CreateBand/Info.plist;
				LD_RUNPATH_SEARCH_PATHS = "$(inherited) @executable_path/Frameworks";
				PRODUCT_BUNDLE_IDENTIFIER = com.nevercry.CreateBand;
				PRODUCT_NAME = "$(TARGET_NAME)";
			};
			name = Release;
		};
/* End XCBuildConfiguration section */

/* Begin XCConfigurationList section */
		4AA7CB781C0DF5DC00B35E25 /* Build configuration list for PBXProject "CreateBand" */ = {
			isa = XCConfigurationList;
			buildConfigurations = (
				4AA7CB8D1C0DF5DC00B35E25 /* Debug */,
				4AA7CB8E1C0DF5DC00B35E25 /* Release */,
			);
			defaultConfigurationIsVisible = 0;
			defaultConfigurationName = Release;
		};
		4AA7CB8F1C0DF5DC00B35E25 /* Build configuration list for PBXNativeTarget "CreateBand" */ = {
			isa = XCConfigurationList;
			buildConfigurations = (
				4AA7CB901C0DF5DC00B35E25 /* Debug */,
				4AA7CB911C0DF5DC00B35E25 /* Release */,
			);
			defaultConfigurationIsVisible = 0;
			defaultConfigurationName = Release;
		};
/* End XCConfigurationList section */
	};
	rootObject = 4AA7CB751C0DF5DC00B35E25 /* Project object */;
}
