// !$*UTF8*$!
{
	archiveVersion = 1;
	classes = {
	};
	objectVersion = 46;
	objects = {

/* Begin PBXBuildFile section */
		4AA7CB811C0DF5DC00B35E25 /* AppDelegate.swift in Sources */ = {isa = PBXBuildFile; fileRef = 4AA7CB801C0DF5DC00B35E25 /* AppDelegate.swift */; };
		4AA7CB831C0DF5DC00B35E25 /* ViewController.swift in Sources */ = {isa = PBXBuildFile; fileRef = 4AA7CB821C0DF5DC00B35E25 /* ViewController.swift */; };
		4AA7CB861C0DF5DC00B35E25 /* Main.storyboard in Resources */ = {isa = PBXBuildFile; fileRef = 4AA7CB841C0DF5DC00B35E25 /* Main.storyboard */; };
		4AA7CB881C0DF5DC00B35E25 /* Assets.xcassets in Resources */ = {isa = PBXBuildFile; fileRef = 4AA7CB871C0DF5DC00B35E25 /* Assets.xcassets */; };
		4AA7CB8B1C0DF5DC00B35E25 /* LaunchScreen.storyboard in Resources */ = {isa = PBXBuildFile; fileRef = 4AA7CB891C0DF5DC00B35E25 /* LaunchScreen.storyboard */; };
/* End PBXBuildFile section */

/* Begin PBXFileReference section */
		4AA7CB7D1C0DF5DC00B35E25 /* CreateBand.app */ = {isa = PBXFileReference; explicitFileType = wrapper.application; includeInIndex = 0; path = CreateBand.app; sourceTree = BUILT_PRODUCTS_DIR; };
		4AA7CB801C0DF5DC00B35E25 /* AppDelegate.swift */ = {isa = PBXFileReference; lastKnownFileType = sourcecode.swift; path = AppDelegate.swift; sourceTree = "<group>"; };
		4AA7CB821C0DF5DC00B35E25 /* ViewController.swift */ = {isa = PBXFileReference; lastKnownFileType = sourcecode.swift; path = ViewController.swift; sourceTree = "<group>"; };
		4AA7CB851C0DF5DC00B35E25 /* Base */ = {isa = PBXFileReference; lastKnownFileType = file.storyboard; name = Base; path = Base.lproj/Main.storyboard; sourceTree = "<group>"; };
		4AA7CB871C0DF5DC00B35E25 /* Assets.xcassets */ = {isa = PBXFileReference; lastKnownFileType = folder.assetcatalog; path = Assets.xcassets; sourceTree = "<group>"; };
		4AA7CB8A1C0DF5DC00B35E25 /* Base */ = {isa = PBXFileReference; lastKnownFileType = file.storyboard; name = Base; path = Base.lproj/LaunchScreen.storyboard; sourceTree = "<group>"; };
		4AA7CB8C1C0DF5DC00B35E25 /* Info.plist */ = {isa = PBXFileReference; lastKnownFileType = text.plist.xml; path = Info.plist; sourceTree = "<group>"; };
/* End PBXFileReference section */

/* Begin PBXFrameworksBuildPhase section */
		4AA7CB7A1C0DF5DC00B35E25 /* Frameworks */ = {
			isa = PBXFrameworksBuildPhase;
			buildActionMask = 2147483647;
			files = (
			);
			runOnlyForDeploymentPostprocessing = 0;
		};
/* End PBXFrameworksBuildPhase section */

/* Begin PBXGroup section */
		4AA7CB741C0DF5DC00B35E25 = {
			isa = PBXGroup;
			children = (
				4AA7CB7F1C0DF5DC00B35E25 /* CreateBand */,
				4AA7CB7E1C0DF5DC00B35E25 /* Products */,
			);
			sourceTree = "<group>";
		};
		4AA7CB7E1C0DF5DC00B35E25 /* Products */ = {
			isa = PBXGroup;
			children = (
				4AA7CB7D1C0DF5DC00B35E25 /* CreateBand.app */,
			);
			name = Products;
			sourceTree = "<group>";
		};
		4AA7CB7F1C0DF5DC00B35E25 /* CreateBand */ = {
			isa = PBXGroup;
			children = (
				4AA7CB801C0DF5DC00B35E25 /* AppDelegate.swift */,
				4AA7CB821C0DF5DC00B35E25 /* ViewController.swift */,
				4AA7CB841C0DF5DC00B35E25 /* Main.storyboard */,
				4AA7CB871C0DF5DC00B35E25 /* Assets.xcassets */,
				4AA7CB891C0DF5DC00B35E25 /* LaunchScreen.storyboard */,
				4AA7CB8C1C0DF5DC00B35E25 /* Info.plist */,
			);
			path = CreateBand;
			sourceTree = "<group>";
		};
/* End PBXGroup section */

/* Begin PBXNativeTarget section */
		4AA7CB7C1C0DF5DC00B35E25 /* CreateBand */ = {
			isa = PBXNativeTarget;
			buildConfigurationList = 4AA7CB8F1C0DF5DC00B35E25 /* Build configuration list for PBXNativeTarget "CreateBand" */;
			buildPhases = (
				4AA7CB791C0DF5DC00B35E25 /* Sources */,
				4AA7CB7A1C0DF5DC00B35E25 /* Frameworks */,
				4AA7CB7B1C0DF5DC00B35E25 /* Resources */,
			);
			buildRules = (
			);
			dependencies = (
			);
			name = CreateBand;
			productName = CreateBand;
			productReference = 4AA7CB7D1C0DF5DC00B35E25 /* CreateBand.app */;
			productType = "com.apple.product-type.application";
		};
/* End PBXNativeTarget section */

/* Begin PBXProject section */
		4AA7CB751C0DF5DC00B35E25 /* Project object */ = {
			isa = PBXProject;
			attributes = {
				LastSwiftUpdateCheck = 0710;
				LastUpgradeCheck = 0710;
				ORGANIZATIONNAME = nevercry;
				TargetAttributes = {
					4AA7CB7C1C0DF5DC00B35E25 = {
						CreatedOnToolsVersion = 7.1.1;
					};
				};
			};
			buildConfigurationList = 4AA7CB781C0DF5DC00B35E25 /* Build configuration list for PBXProject "CreateBand" */;
			compatibilityVersion = "Xcode 3.2";
			developmentRegion = English;
			hasScannedForEncodings = 0;
			knownRegions = (
				en,
				Base,
			);
			mainGroup = 4AA7CB741C0DF5DC00B35E25;
			productRefGroup = 4AA7CB7E1C0DF5DC00B35E25 /* Products */;
			projectDirPath = "";
			projectRoot = "";
			targets = (
				4AA7CB7C1C0DF5DC00B35E25 /* CreateBand */,
			);
		};
/* End PBXProject section */

/* Begin PBXResourcesBuildPhase section */
		4AA7CB7B1C0DF5DC00B35E25 /* Resources */ = {
			isa = PBXResourcesBuildPhase;
			buildActionMask = 2147483647;
			files = (
				4AA7CB8B1C0DF5DC00B35E25 /* LaunchScreen.storyboard in Resources */,
				4AA7CB881C0DF5DC00B35E25 /* Assets.xcassets in Resources */,
				4AA7CB861C0DF5DC00B35E25 /* Main.storyboard in Resources */,
			);
			runOnlyForDeploymentPostprocessing = 0;
		};
/* End PBXResourcesBuildPhase section */

/* Begin PBXSourcesBuildPhase section */
		4AA7CB791C0DF5DC00B35E25 /* Sources */ = {
			isa = PBXSourcesBuildPhase;
			buildActionMask = 2147483647;
			files = (
				4AA7CB831C0DF5DC00B35E25 /* ViewController.swift in Sources */,
				4AA7CB811C0DF5DC00B35E25 /* AppDelegate.swift in Sources */,
			);
			runOnlyForDeploymentPostprocessing = 0;
		};
/* End PBXSourcesBuildPhase section */

/* Begin PBXVariantGroup section */
		4AA7CB841C0DF5DC00B35E25 /* Main.storyboard */ = {
			isa = PBXVariantGroup;
			children = (
				4AA7CB851C0DF5DC00B35E25 /* Base */,
			);
			name = Main.storyboard;
			sourceTree = "<group>";
		};
		4AA7CB891C0DF5DC00B35E25 /* LaunchScreen.storyboard */ = {
			isa = PBXVariantGroup;
			children = (
				4AA7CB8A1C0DF5DC00B35E25 /* Base */,
			);
			name = LaunchScreen.storyboard;
			sourceTree = "<group>";
		};
/* End PBXVariantGroup section */

/* Begin XCBuildConfiguration section */
		4AA7CB8D1C0DF5DC00B35E25 /* Debug */ = {
			isa = XCBuildConfiguration;
			buildSettings = {
				ALWAYS_SEARCH_USER_PATHS = NO;
				CLANG_CXX_LANGUAGE_STANDARD = "gnu++0x";
				CLANG_CXX_LIBRARY = "libc++";
				CLANG_ENABLE_MODULES = YES;
				CLANG_ENABLE_OBJC_ARC = YES;
				CLANG_WARN_BOOL_CONVERSION = YES;
				CLANG_WARN_CONSTANT_CONVERSION = YES;
				CLANG_WARN_DIRECT_OBJC_ISA_USAGE = YES_ERROR;
				CLANG_WARN_EMPTY_BODY = YES;
				CLANG_WARN_ENUM_CONVERSION = YES;
				CLANG_WARN_INT_CONVERSION = YES;
				CLANG_WARN_OBJC_ROOT_CLASS = YES_ERROR;
				CLANG_WARN_UNREACHABLE_CODE = YES;
				CLANG_WARN__DUPLICATE_METHOD_MATCH = YES;
				"CODE_SIGN_IDENTITY[sdk=iphoneos*]" = "iPhone Developer";
				COPY_PHASE_STRIP = NO;
				DEBUG_INFORMATION_FORMAT = dwarf;
				ENABLE_STRICT_OBJC_MSGSEND = YES;
				ENABLE_TESTABILITY = YES;
				GCC_C_LANGUAGE_STANDARD = gnu99;
				GCC_DYNAMIC_NO_PIC = NO;
				GCC_NO_COMMON_BLOCKS = YES;
				GCC_OPTIMIZATION_LEVEL = 0;
				GCC_PREPROCESSOR_DEFINITIONS = (
					"DEBUG=1",
					"$(inherited)",
				);
				GCC_WARN_64_TO_32_BIT_CONVERSION = YES;
				GCC_WARN_ABOUT_RETURN_TYPE = YES_ERROR;
				GCC_WARN_UNDECLARED_SELECTOR = YES;
				GCC_WARN_UNINITIALIZED_AUTOS = YES_AGGRESSIVE;
				GCC_WARN_UNUSED_FUNCTION = YES;
				GCC_WARN_UNUSED_VARIABLE = YES;
				IPHONEOS_DEPLOYMENT_TARGET = 9.1;
				MTL_ENABLE_DEBUG_INFO = YES;
				ONLY_ACTIVE_ARCH = YES;
				SDKROOT = iphoneos;
				SWIFT_OPTIMIZATION_LEVEL = "-Onone";
				TARGETED_DEVICE_FAMILY = "1,2";
			};
			name = Debug;
		};
		4AA7CB8E1C0DF5DC00B35E25 /* Release */ = {
			isa = XCBuildConfiguration;
			buildSettings = {
				ALWAYS_SEARCH_USER_PATHS = NO;
				CLANG_CXX_LANGUAGE_STANDARD = "gnu++0x";
				CLANG_CXX_LIBRARY = "libc++";
				CLANG_ENABLE_MODULES = YES;
				CLANG_ENABLE_OBJC_ARC = YES;
				CLANG_WARN_BOOL_CONVERSION = YES;
				CLANG_WARN_CONSTANT_CONVERSION = YES;
				CLANG_WARN_DIRECT_OBJC_ISA_USAGE = YES_ERROR;
				CLANG_WARN_EMPTY_BODY = YES;
				CLANG_WARN_ENUM_CONVERSION = YES;
				CLANG_WARN_INT_CONVERSION = YES;
				CLANG_WARN_OBJC_ROOT_CLASS = YES_ERROR;
				CLANG_WARN_UNREACHABLE_CODE = YES;
				CLANG_WARN__DUPLICATE_METHOD_MATCH = YES;
				"CODE_SIGN_IDENTITY[sdk=iphoneos*]" = "iPhone Developer";
				COPY_PHASE_STRIP = NO;
				DEBUG_INFORMATION_FORMAT = "dwarf-with-dsym";
				ENABLE_NS_ASSERTIONS = NO;
				ENABLE_STRICT_OBJC_MSGSEND = YES;
				GCC_C_LANGUAGE_STANDARD = gnu99;
				GCC_NO_COMMON_BLOCKS = YES;
				GCC_WARN_64_TO_32_BIT_CONVERSION = YES;
				GCC_WARN_ABOUT_RETURN_TYPE = YES_ERROR;
				GCC_WARN_UNDECLARED_SELECTOR = YES;
				GCC_WARN_UNINITIALIZED_AUTOS = YES_AGGRESSIVE;
				GCC_WARN_UNUSED_FUNCTION = YES;
				GCC_WARN_UNUSED_VARIABLE = YES;
				IPHONEOS_DEPLOYMENT_TARGET = 9.1;
				MTL_ENABLE_DEBUG_INFO = NO;
				SDKROOT = iphoneos;
				TARGETED_DEVICE_FAMILY = "1,2";
				VALIDATE_PRODUCT = YES;
			};
			name = Release;
		};
		4AA7CB901C0DF5DC00B35E25 /* Debug */ = {
			isa = XCBuildConfiguration;
			buildSettings = {
				ASSETCATALOG_COMPILER_APPICON_NAME = AppIcon;
				INFOPLIST_FILE = CreateBand/Info.plist;
				LD_RUNPATH_SEARCH_PATHS = "$(inherited) @executable_path/Frameworks";
				PRODUCT_BUNDLE_IDENTIFIER = com.nevercry.CreateBand;
				PRODUCT_NAME = "$(TARGET_NAME)";
			};
			name = Debug;
		};
		4AA7CB911C0DF5DC00B35E25 /* Release */ = {
			isa = XCBuildConfiguration;
			buildSettings = {
				ASSETCATALOG_COMPILER_APPICON_NAME = AppIcon;
				INFOPLIST_FILE = CreateBand/Info.plist;
				LD_RUNPATH_SEARCH_PATHS = "$(inherited) @executable_path/Frameworks";
				PRODUCT_BUNDLE_IDENTIFIER = com.nevercry.CreateBand;
				PRODUCT_NAME = "$(TARGET_NAME)";
			};
			name = Release;
		};
/* End XCBuildConfiguration section */

/* Begin XCConfigurationList section */
		4AA7CB781C0DF5DC00B35E25 /* Build configuration list for PBXProject "CreateBand" */ = {
			isa = XCConfigurationList;
			buildConfigurations = (
				4AA7CB8D1C0DF5DC00B35E25 /* Debug */,
				4AA7CB8E1C0DF5DC00B35E25 /* Release */,
			);
			defaultConfigurationIsVisible = 0;
			defaultConfigurationName = Release;
		};
		4AA7CB8F1C0DF5DC00B35E25 /* Build configuration list for PBXNativeTarget "CreateBand" */ = {
			isa = XCConfigurationList;
			buildConfigurations = (
				4AA7CB901C0DF5DC00B35E25 /* Debug */,
				4AA7CB911C0DF5DC00B35E25 /* Release */,
			);
			defaultConfigurationIsVisible = 0;
		};
/* End XCConfigurationList section */
	};
	rootObject = 4AA7CB751C0DF5DC00B35E25 /* Project object */;
}
